
Microsoft Visual Studio Solution File, Format Version 12.00
# Visual Studio 15
VisualStudioVersion = 15.0.27130.2036
MinimumVisualStudioVersion = 10.0.40219.1
Project("{FAE04EC0-301F-11D3-BF4B-00C04F79EFBC}") = "DXA_HSJX", "DXA_HSJX\DXA_HSJX.csproj", "{319C1807-EA6F-42C4-85C7-49B0EFFEB85E}"
EndProject
Project("{FAE04EC0-301F-11D3-BF4B-00C04F79EFBC}") = "Model", "Model\Model.csproj", "{282B2389-709D-44E5-A653-986BD17BF890}"
EndProject
Project("{FAE04EC0-301F-11D3-BF4B-00C04F79EFBC}") = "Service", "Service\Service.csproj", "{A96ECB23-EB8A-4829-A3B4-0BCFDD728636}"
EndProject
Project("{FAE04EC0-301F-11D3-BF4B-00C04F79EFBC}") = "UnitTestProject1", "UnitTestProject1\UnitTestProject1.csproj", "{9C7C8CF8-6021-44C5-8B4D-261B1579023C}"
EndProject
Project("{FAE04EC0-301F-11D3-BF4B-00C04F79EFBC}") = "Common", "Common\Common.csproj", "{62A4A864-1054-451C-8D8E-AF4CC741B9F8}"
EndProject
Global
	GlobalSection(SolutionConfigurationPlatforms) = preSolution
		Debug|Any CPU = Debug|Any CPU
		Release|Any CPU = Release|Any CPU
	EndGlobalSection
	GlobalSection(ProjectConfigurationPlatforms) = postSolution
		{319C1807-EA6F-42C4-85C7-49B0EFFEB85E}.Debug|Any CPU.ActiveCfg = Debug|Any CPU
		{319C1807-EA6F-42C4-85C7-49B0EFFEB85E}.Debug|Any CPU.Build.0 = Debug|Any CPU
		{319C1807-EA6F-42C4-85C7-49B0EFFEB85E}.Release|Any CPU.ActiveCfg = Release|Any CPU
		{319C1807-EA6F-42C4-85C7-49B0EFFEB85E}.Release|Any CPU.Build.0 = Release|Any CPU
		{282B2389-709D-44E5-A653-986BD17BF890}.Debug|Any CPU.ActiveCfg = Debug|Any CPU
		{282B2389-709D-44E5-A653-986BD17BF890}.Debug|Any CPU.Build.0 = Debug|Any CPU
		{282B2389-709D-44E5-A653-986BD17BF890}.Release|Any CPU.ActiveCfg = Release|Any CPU
		{282B2389-709D-44E5-A653-986BD17BF890}.Release|Any CPU.Build.0 = Release|Any CPU
		{A96ECB23-EB8A-4829-A3B4-0BCFDD728636}.Debug|Any CPU.ActiveCfg = Debug|Any CPU
		{A96ECB23-EB8A-4829-A3B4-0BCFDD728636}.Debug|Any CPU.Build.0 = Debug|Any CPU
		{A96ECB23-EB8A-4829-A3B4-0BCFDD728636}.Release|Any CPU.ActiveCfg = Release|Any CPU
		{A96ECB23-EB8A-4829-A3B4-0BCFDD728636}.Release|Any CPU.Build.0 = Release|Any CPU
		{9C7C8CF8-6021-44C5-8B4D-261B1579023C}.Debug|Any CPU.ActiveCfg = Debug|Any CPU
		{9C7C8CF8-6021-44C5-8B4D-261B1579023C}.Debug|Any CPU.Build.0 = Debug|Any CPU
		{9C7C8CF8-6021-44C5-8B4D-261B1579023C}.Release|Any CPU.ActiveCfg = Release|Any CPU
		{9C7C8CF8-6021-44C5-8B4D-261B1579023C}.Release|Any CPU.Build.0 = Release|Any CPU
		{62A4A864-1054-451C-8D8E-AF4CC741B9F8}.Debug|Any CPU.ActiveCfg = Debug|Any CPU
		{62A4A864-1054-451C-8D8E-AF4CC741B9F8}.Debug|Any CPU.Build.0 = Debug|Any CPU
		{62A4A864-1054-451C-8D8E-AF4CC741B9F8}.Release|Any CPU.ActiveCfg = Release|Any CPU
		{62A4A864-1054-451C-8D8E-AF4CC741B9F8}.Release|Any CPU.Build.0 = Release|Any CPU
	EndGlobalSection
	GlobalSection(SolutionProperties) = preSolution
		HideSolutionNode = FALSE
	EndGlobalSection
	GlobalSection(ExtensibilityGlobals) = postSolution
		SolutionGuid = {C809CE33-9B0C-45C7-91FE-C59FDC3F9C64}
	EndGlobalSection
EndGlobal
